
Microsoft Visual Studio Solution File, Format Version 12.00
# Visual Studio Version 17
VisualStudioVersion = 17.2.32602.215
MinimumVisualStudioVersion = 10.0.40219.1
Project("{FAE04EC0-301F-11D3-BF4B-00C04F79EFBC}") = "ObserverPattern-Asp.NetCore5", "ObserverPattern-Asp.NetCore5\ObserverPattern-Asp.NetCore5.csproj", "{B1B29D85-992A-4321-A482-9FC7B5F21C16}"
EndProject
Global
	GlobalSection(SolutionConfigurationPlatforms) = preSolution
		Debug|Any CPU = Debug|Any CPU
		Release|Any CPU = Release|Any CPU
	EndGlobalSection
	GlobalSection(ProjectConfigurationPlatforms) = postSolution
		{B1B29D85-992A-4321-A482-9FC7B5F21C16}.Debug|Any CPU.ActiveCfg = Debug|Any CPU
		{B1B29D85-992A-4321-A482-9FC7B5F21C16}.Debug|Any CPU.Build.0 = Debug|Any CPU
		{B1B29D85-992A-4321-A482-9FC7B5F21C16}.Release|Any CPU.ActiveCfg = Release|Any CPU
		{B1B29D85-992A-4321-A482-9FC7B5F21C16}.Release|Any CPU.Build.0 = Release|Any CPU
	EndGlobalSection
	GlobalSection(SolutionProperties) = preSolution
		HideSolutionNode = FALSE
	EndGlobalSection
	GlobalSection(ExtensibilityGlobals) = postSolution
		SolutionGuid = {6D886F04-D713-46DE-BC45-BA8B7D797FD1}
	EndGlobalSection
EndGlobal
